{
  "name": "_lib",
  "version": "0.0.1",
  "lockfileVersion": 1,
  "requires": true,
  "dependencies": {
    "big-integer": {
      "version": "1.6.32",
      "resolved": "https://registry.npmjs.org/big-integer/-/big-integer-1.6.32.tgz",
      "integrity": "sha512-ljKJdR3wk9thHfLj4DtrNiOSTxvGFaMjWrG4pW75juXC4j7+XuKJVFdg4kgFMYp85PVkO05dFMj2dk2xVsH4xw=="
    },
    "bson": {
      "version": "1.0.9",
      "resolved": "https://registry.npmjs.org/bson/-/bson-1.0.9.tgz",
      "integrity": "sha512-IQX9/h7WdMBIW/q/++tGd+emQr0XMdeZ6icnT/74Xk9fnabWn+gZgpE+9V+gujL3hhJOoNrnDVY7tWdzc7NUTg=="
    },
    "dotenv": {
      "version": "5.0.1",
      "resolved": "https://registry.npmjs.org/dotenv/-/dotenv-5.0.1.tgz",
      "integrity": "sha512-4As8uPrjfwb7VXC+WnLCbXK7y+Ueb2B3zgNCePYfhxS1PYeaO1YTeplffTEcbfLhvFNGLAz90VvJs9yomG7bow=="
    },
    "maxmind": {
      "version": "2.7.0",
      "resolved": "https://registry.npmjs.org/maxmind/-/maxmind-2.7.0.tgz",
      "integrity": "sha512-blmBnRbEkYBGz+7kxNQzuYUwyMyJ5PYGhrMYe6RXmMSBxZXe2665INgNP5/8WuYdWnDJ1Z8osC/LVKdsbT2fnQ==",
      "requires": {
        "big-integer": "^1.6.31",
        "tiny-lru": "^1.6.1"
      }
    },
    "mongodb": {
      "version": "3.1.0",
      "resolved": "https://registry.npmjs.org/mongodb/-/mongodb-3.1.0.tgz",
      "integrity": "sha512-fSDZRq9FomRqeDSM7MpMTLa8sz+STs3nZ7Ib0+xvmaKZ6nquNDN4zGDsVhjto6UozFvHMDYJMAfJwhqUygXs9g==",
      "requires": {
        "mongodb-core": "3.1.0"
      }
    },
    "mongodb-core": {
      "version": "3.1.0",
      "resolved": "https://registry.npmjs.org/mongodb-core/-/mongodb-core-3.1.0.tgz",
      "integrity": "sha512-qRjG62Fu//CZhkgn0jA/k8jh5MhACIq8cOJUryH6sck87pgt+C222MSD02tsCq5zNo/B6ZFHtNodZ2qpf8E86g==",
      "requires": {
        "bson": "~1.0.4",
        "require_optional": "^1.0.1",
        "saslprep": "^1.0.0"
      }
    },
    "require_optional": {
      "version": "1.0.1",
      "resolved": "https://registry.npmjs.org/require_optional/-/require_optional-1.0.1.tgz",
      "integrity": "sha512-qhM/y57enGWHAe3v/NcwML6a3/vfESLe/sGM2dII+gEO0BpKRUkWZow/tyloNqJyN6kXSl3RyyM8Ll5D/sJP8g==",
      "requires": {
        "resolve-from": "^2.0.0",
        "semver": "^5.1.0"
      }
    },
    "resolve-from": {
      "version": "2.0.0",
      "resolved": "https://registry.npmjs.org/resolve-from/-/resolve-from-2.0.0.tgz",
      "integrity": "sha1-lICrIOlP+h2egKgEx+oUdhGWa1c="
    },
    "saslprep": {
      "version": "1.0.0",
      "resolved": "https://registry.npmjs.org/saslprep/-/saslprep-1.0.0.tgz",
      "integrity": "sha512-5lvKUEQ7lAN5/vPl5d3k8FQeDbEamu9kizfATfLLWV5h6Mkh1xcieR1FSsJkcSRUk49lF2tAW8gzXWVwtwZVhw==",
      "optional": true
    },
    "semver": {
      "version": "5.5.0",
      "resolved": "https://registry.npmjs.org/semver/-/semver-5.5.0.tgz",
      "integrity": "sha512-4SJ3dm0WAwWy/NVeioZh5AntkdJoWKxHxcmyP622fOkgHa4z3R0TdBJICINyaSDE6uNwVc8gZr+ZinwZAH4xIA=="
    },
    "tiny-lru": {
      "version": "1.6.1",
      "resolved": "https://registry.npmjs.org/tiny-lru/-/tiny-lru-1.6.1.tgz",
      "integrity": "sha512-m8oyPnHjnQlbDk8+MCw33qRMp6+BxPxoayN9C743VToeyQ5zZV6F6vkklrYVEI0z9MQ3+jmc+22tKmvPg4gmoA=="
    }
  }
}
